
Microsoft Visual Studio Solution File, Format Version 12.00
# Visual Studio 2012
Project("{FAE04EC0-301F-11D3-BF4B-00C04F79EFBC}") = "winform", "winform\winform.csproj", "{B3ADE9A4-A844-4BCA-B923-7B2D392DCDF1}"
EndProject
Project("{FAE04EC0-301F-11D3-BF4B-00C04F79EFBC}") = "core", "core\core.csproj", "{67206455-00E4-447A-B5DD-622B93CB2D22}"
EndProject
Global
	GlobalSection(SolutionConfigurationPlatforms) = preSolution
		Debug|Any CPU = Debug|Any CPU
		Release|Any CPU = Release|Any CPU
	EndGlobalSection
	GlobalSection(ProjectConfigurationPlatforms) = postSolution
		{B3ADE9A4-A844-4BCA-B923-7B2D392DCDF1}.Debug|Any CPU.ActiveCfg = Debug|Any CPU
		{B3ADE9A4-A844-4BCA-B923-7B2D392DCDF1}.Debug|Any CPU.Build.0 = Debug|Any CPU
		{B3ADE9A4-A844-4BCA-B923-7B2D392DCDF1}.Release|Any CPU.ActiveCfg = Release|Any CPU
		{B3ADE9A4-A844-4BCA-B923-7B2D392DCDF1}.Release|Any CPU.Build.0 = Release|Any CPU
		{67206455-00E4-447A-B5DD-622B93CB2D22}.Debug|Any CPU.ActiveCfg = Debug|Any CPU
		{67206455-00E4-447A-B5DD-622B93CB2D22}.Debug|Any CPU.Build.0 = Debug|Any CPU
		{67206455-00E4-447A-B5DD-622B93CB2D22}.Release|Any CPU.ActiveCfg = Release|Any CPU
		{67206455-00E4-447A-B5DD-622B93CB2D22}.Release|Any CPU.Build.0 = Release|Any CPU
	EndGlobalSection
	GlobalSection(SolutionProperties) = preSolution
		HideSolutionNode = FALSE
	EndGlobalSection
EndGlobal
